
Microsoft Visual Studio Solution File, Format Version 12.00
# Visual Studio Version 17
VisualStudioVersion = 17.14.36221.1
MinimumVisualStudioVersion = 10.0.40219.1
Project("{2150E333-8FDC-42A3-9474-1A3956D46DE8}") = "Modules", "Modules", "{02EA681E-C7D8-13C7-8484-4AC65E1B71E8}"
EndProject
Project("{2150E333-8FDC-42A3-9474-1A3956D46DE8}") = "src", "src", "{DF08E0E9-715D-4D6F-B659-28518B4DF41A}"
EndProject
Project("{FAE04EC0-301F-11D3-BF4B-00C04F79EFBC}") = "Nyx.AI", "Modules\Nyx.AI\Nyx.AI.csproj", "{3EA7EF9A-C051-FBA3-558A-A9AA2A9B84FE}"
EndProject
Project("{FAE04EC0-301F-11D3-BF4B-00C04F79EFBC}") = "Nyx.Analysis", "Modules\Nyx.Analysis\Nyx.Analysis.csproj", "{9695E48F-210F-C4F9-320A-970583B43E15}"
EndProject
Project("{FAE04EC0-301F-11D3-BF4B-00C04F79EFBC}") = "Nyx.Asphodel", "Modules\Nyx.Asphodel\Nyx.Asphodel.csproj", "{9D269A7C-AFBA-ED08-68F6-E746C04F950C}"
EndProject
Project("{FAE04EC0-301F-11D3-BF4B-00C04F79EFBC}") = "Nyx.CharacterAscension", "Modules\Nyx.CharacterAscension\Nyx.CharacterAscension.csproj", "{77531231-8A0D-84C2-3139-1CAEF3A4966F}"
EndProject
Project("{FAE04EC0-301F-11D3-BF4B-00C04F79EFBC}") = "Nyx.HexChess", "Modules\Nyx.HexChess\Nyx.HexChess.csproj", "{6C9D6989-C086-6FE1-6761-98454E7A2FC4}"
EndProject
Project("{FAE04EC0-301F-11D3-BF4B-00C04F79EFBC}") = "Nyx.Server", "src\Nyx\Nyx.Server.csproj", "{0C60DF74-CE18-BD03-12E6-A29577A18A7B}"
EndProject
Project("{FAE04EC0-301F-11D3-BF4B-00C04F79EFBC}") = "Nyx.Database", "src\Nyx.Database\Nyx.Database.csproj", "{68C977D0-D599-323E-117C-C202336264DD}"
EndProject
Project("{FAE04EC0-301F-11D3-BF4B-00C04F79EFBC}") = "Nyx.Domain", "src\Nyx.Domain\Nyx.Domain.csproj", "{508D678A-74F5-AE76-06F7-A7BF89B4F05E}"
EndProject
Project("{FAE04EC0-301F-11D3-BF4B-00C04F79EFBC}") = "Nyx.Network", "src\Nyx.Network\Nyx.Network.csproj", "{2A9BBF66-ADA5-C94E-2ED1-5E43885A2396}"
EndProject
Project("{FAE04EC0-301F-11D3-BF4B-00C04F79EFBC}") = "Nyx.Shared", "src\Nyx.Shared\Nyx.Shared.csproj", "{2691393D-0065-D63D-87FE-3AE12738F2EE}"
EndProject
Project("{FAE04EC0-301F-11D3-BF4B-00C04F79EFBC}") = "Nyx.Threading", "src\Nyx.Threading\Nyx.Threading.csproj", "{AC8DB61C-FA35-96BE-8414-27E4A0E3CB43}"
EndProject
Project("{FAE04EC0-301F-11D3-BF4B-00C04F79EFBC}") = "Nyx.Inventory", "Modules\Nyx.Inventory\Nyx.Inventory.csproj", "{3347A8D4-8020-4D88-BECC-2E70BF858464}"
EndProject
Project("{FAE04EC0-301F-11D3-BF4B-00C04F79EFBC}") = "Nyx.Brain", "Modules\Nyx.Brain\Nyx.Brain.csproj", "{E45F1A44-AF36-4B6F-A49D-D0D4822320EC}"
EndProject
Project("{FAE04EC0-301F-11D3-BF4B-00C04F79EFBC}") = "Nyx.Auth", "src\Nyx.Auth\Nyx.Auth.csproj", "{BD6F665A-43AD-4C37-9D96-E9C4A1441901}"
EndProject
Project("{FAE04EC0-301F-11D3-BF4B-00C04F79EFBC}") = "Nyx.Monsters", "src\Nyx.Monsters\Nyx.Monsters.csproj", "{7B66D14B-A263-4926-9D2E-7ECE1FDBCAE5}"
EndProject
Project("{FAE04EC0-301F-11D3-BF4B-00C04F79EFBC}") = "Nyx.Calculations", "src\Nyx.Calculations\Nyx.Calculations.csproj", "{C8665682-AFBF-4BF7-8B25-2E882B950D59}"
EndProject
Project("{FAE04EC0-301F-11D3-BF4B-00C04F79EFBC}") = "Nyx.Combat", "Modules\Nyx.Combat\Nyx.Combat.csproj", "{7C4A9E31-5B62-4D18-9F0C-3A6E8D1B2F44}"
EndProject
Project("{FAE04EC0-301F-11D3-BF4B-00C04F79EFBC}") = "Nyx.Network.Tests", "tests\Nyx.Network.Tests\Nyx.Network.Tests.csproj", "{A1C92B68-2B30-4D5D-8C4A-77D6AE7F10C2}"
EndProject
Project("{FAE04EC0-301F-11D3-BF4B-00C04F79EFBC}") = "Nyx.Auth.Tests", "tests\Nyx.Auth.Tests\Nyx.Auth.Tests.csproj", "{B8E4F2A1-9C3D-4E5F-A6B7-1D2E3F4A5B6C}"
EndProject

Global
	GlobalSection(SolutionConfigurationPlatforms) = preSolution
		Debug|Any CPU = Debug|Any CPU
		Debug|x64 = Debug|x64
		Debug|x86 = Debug|x86
		Release|Any CPU = Release|Any CPU
		Release|x64 = Release|x64
		Release|x86 = Release|x86
	EndGlobalSection
	GlobalSection(ProjectConfigurationPlatforms) = postSolution
		{3EA7EF9A-C051-FBA3-558A-A9AA2A9B84FE}.Debug|Any CPU.ActiveCfg = Debug|Any CPU
		{3EA7EF9A-C051-FBA3-558A-A9AA2A9B84FE}.Debug|Any CPU.Build.0 = Debug|Any CPU
		{3EA7EF9A-C051-FBA3-558A-A9AA2A9B84FE}.Debug|x64.ActiveCfg = Debug|Any CPU
		{3EA7EF9A-C051-FBA3-558A-A9AA2A9B84FE}.Debug|x64.Build.0 = Debug|Any CPU
		{3EA7EF9A-C051-FBA3-558A-A9AA2A9B84FE}.Debug|x86.ActiveCfg = Debug|Any CPU
		{3EA7EF9A-C051-FBA3-558A-A9AA2A9B84FE}.Debug|x86.Build.0 = Debug|Any CPU
		{3EA7EF9A-C051-FBA3-558A-A9AA2A9B84FE}.Release|Any CPU.ActiveCfg = Release|Any CPU
		{3EA7EF9A-C051-FBA3-558A-A9AA2A9B84FE}.Release|Any CPU.Build.0 = Release|Any CPU
		{3EA7EF9A-C051-FBA3-558A-A9AA2A9B84FE}.Release|x64.ActiveCfg = Release|Any CPU
		{3EA7EF9A-C051-FBA3-558A-A9AA2A9B84FE}.Release|x64.Build.0 = Release|Any CPU
		{3EA7EF9A-C051-FBA3-558A-A9AA2A9B84FE}.Release|x86.ActiveCfg = Release|Any CPU
		{3EA7EF9A-C051-FBA3-558A-A9AA2A9B84FE}.Release|x86.Build.0 = Release|Any CPU
		{9695E48F-210F-C4F9-320A-970583B43E15}.Debug|Any CPU.ActiveCfg = Debug|Any CPU
		{9695E48F-210F-C4F9-320A-970583B43E15}.Debug|Any CPU.Build.0 = Debug|Any CPU
		{9695E48F-210F-C4F9-320A-970583B43E15}.Debug|x64.ActiveCfg = Debug|Any CPU
		{9695E48F-210F-C4F9-320A-970583B43E15}.Debug|x64.Build.0 = Debug|Any CPU
		{9695E48F-210F-C4F9-320A-970583B43E15}.Debug|x86.ActiveCfg = Debug|Any CPU
		{9695E48F-210F-C4F9-320A-970583B43E15}.Debug|x86.Build.0 = Debug|Any CPU
		{9695E48F-210F-C4F9-320A-970583B43E15}.Release|Any CPU.ActiveCfg = Release|Any CPU
		{9695E48F-210F-C4F9-320A-970583B43E15}.Release|Any CPU.Build.0 = Release|Any CPU
		{9695E48F-210F-C4F9-320A-970583B43E15}.Release|x64.ActiveCfg = Release|Any CPU
		{9695E48F-210F-C4F9-320A-970583B43E15}.Release|x64.Build.0 = Release|Any CPU
		{9695E48F-210F-C4F9-320A-970583B43E15}.Release|x86.ActiveCfg = Release|Any CPU
		{9695E48F-210F-C4F9-320A-970583B43E15}.Release|x86.Build.0 = Release|Any CPU
		{9D269A7C-AFBA-ED08-68F6-E746C04F950C}.Debug|Any CPU.ActiveCfg = Debug|Any CPU
		{9D269A7C-AFBA-ED08-68F6-E746C04F950C}.Debug|Any CPU.Build.0 = Debug|Any CPU
		{9D269A7C-AFBA-ED08-68F6-E746C04F950C}.Debug|x64.ActiveCfg = Debug|Any CPU
		{9D269A7C-AFBA-ED08-68F6-E746C04F950C}.Debug|x64.Build.0 = Debug|Any CPU
		{9D269A7C-AFBA-ED08-68F6-E746C04F950C}.Debug|x86.ActiveCfg = Debug|Any CPU
		{9D269A7C-AFBA-ED08-68F6-E746C04F950C}.Debug|x86.Build.0 = Debug|Any CPU
		{9D269A7C-AFBA-ED08-68F6-E746C04F950C}.Release|Any CPU.ActiveCfg = Release|Any CPU
		{9D269A7C-AFBA-ED08-68F6-E746C04F950C}.Release|Any CPU.Build.0 = Release|Any CPU
		{9D269A7C-AFBA-ED08-68F6-E746C04F950C}.Release|x64.ActiveCfg = Release|Any CPU
		{9D269A7C-AFBA-ED08-68F6-E746C04F950C}.Release|x64.Build.0 = Release|Any CPU
		{9D269A7C-AFBA-ED08-68F6-E746C04F950C}.Release|x86.ActiveCfg = Release|Any CPU
		{9D269A7C-AFBA-ED08-68F6-E746C04F950C}.Release|x86.Build.0 = Release|Any CPU
		{77531231-8A0D-84C2-3139-1CAEF3A4966F}.Debug|Any CPU.ActiveCfg = Debug|Any CPU
		{77531231-8A0D-84C2-3139-1CAEF3A4966F}.Debug|Any CPU.Build.0 = Debug|Any CPU
		{77531231-8A0D-84C2-3139-1CAEF3A4966F}.Debug|x64.ActiveCfg = Debug|Any CPU
		{77531231-8A0D-84C2-3139-1CAEF3A4966F}.Debug|x64.Build.0 = Debug|Any CPU
		{77531231-8A0D-84C2-3139-1CAEF3A4966F}.Debug|x86.ActiveCfg = Debug|Any CPU
		{77531231-8A0D-84C2-3139-1CAEF3A4966F}.Debug|x86.Build.0 = Debug|Any CPU
		{77531231-8A0D-84C2-3139-1CAEF3A4966F}.Release|Any CPU.ActiveCfg = Release|Any CPU
		{77531231-8A0D-84C2-3139-1CAEF3A4966F}.Release|Any CPU.Build.0 = Release|Any CPU
		{77531231-8A0D-84C2-3139-1CAEF3A4966F}.Release|x64.ActiveCfg = Release|Any CPU
		{77531231-8A0D-84C2-3139-1CAEF3A4966F}.Release|x64.Build.0 = Release|Any CPU
		{77531231-8A0D-84C2-3139-1CAEF3A4966F}.Release|x86.ActiveCfg = Release|Any CPU
		{77531231-8A0D-84C2-3139-1CAEF3A4966F}.Release|x86.Build.0 = Release|Any CPU
		{6C9D6989-C086-6FE1-6761-98454E7A2FC4}.Debug|Any CPU.ActiveCfg = Debug|Any CPU
		{6C9D6989-C086-6FE1-6761-98454E7A2FC4}.Debug|Any CPU.Build.0 = Debug|Any CPU
		{6C9D6989-C086-6FE1-6761-98454E7A2FC4}.Debug|x64.ActiveCfg = Debug|Any CPU
		{6C9D6989-C086-6FE1-6761-98454E7A2FC4}.Debug|x64.Build.0 = Debug|Any CPU
		{6C9D6989-C086-6FE1-6761-98454E7A2FC4}.Debug|x86.ActiveCfg = Debug|Any CPU
		{6C9D6989-C086-6FE1-6761-98454E7A2FC4}.Debug|x86.Build.0 = Debug|Any CPU
		{6C9D6989-C086-6FE1-6761-98454E7A2FC4}.Release|Any CPU.ActiveCfg = Release|Any CPU
		{6C9D6989-C086-6FE1-6761-98454E7A2FC4}.Release|Any CPU.Build.0 = Release|Any CPU
		{6C9D6989-C086-6FE1-6761-98454E7A2FC4}.Release|x64.ActiveCfg = Release|Any CPU
		{6C9D6989-C086-6FE1-6761-98454E7A2FC4}.Release|x64.Build.0 = Release|Any CPU
		{6C9D6989-C086-6FE1-6761-98454E7A2FC4}.Release|x86.ActiveCfg = Release|Any CPU
		{6C9D6989-C086-6FE1-6761-98454E7A2FC4}.Release|x86.Build.0 = Release|Any CPU
		{0C60DF74-CE18-BD03-12E6-A29577A18A7B}.Debug|Any CPU.ActiveCfg = Debug|Any CPU
		{0C60DF74-CE18-BD03-12E6-A29577A18A7B}.Debug|Any CPU.Build.0 = Debug|Any CPU
		{0C60DF74-CE18-BD03-12E6-A29577A18A7B}.Debug|x64.ActiveCfg = Debug|Any CPU
		{0C60DF74-CE18-BD03-12E6-A29577A18A7B}.Debug|x64.Build.0 = Debug|Any CPU
		{0C60DF74-CE18-BD03-12E6-A29577A18A7B}.Debug|x86.ActiveCfg = Debug|Any CPU
		{0C60DF74-CE18-BD03-12E6-A29577A18A7B}.Debug|x86.Build.0 = Debug|Any CPU
		{0C60DF74-CE18-BD03-12E6-A29577A18A7B}.Release|Any CPU.ActiveCfg = Release|Any CPU
		{0C60DF74-CE18-BD03-12E6-A29577A18A7B}.Release|Any CPU.Build.0 = Release|Any CPU
		{0C60DF74-CE18-BD03-12E6-A29577A18A7B}.Release|x64.ActiveCfg = Release|Any CPU
		{0C60DF74-CE18-BD03-12E6-A29577A18A7B}.Release|x64.Build.0 = Release|Any CPU
		{0C60DF74-CE18-BD03-12E6-A29577A18A7B}.Release|x86.ActiveCfg = Release|Any CPU
		{0C60DF74-CE18-BD03-12E6-A29577A18A7B}.Release|x86.Build.0 = Release|Any CPU
		{68C977D0-D599-323E-117C-C202336264DD}.Debug|Any CPU.ActiveCfg = Debug|Any CPU
		{68C977D0-D599-323E-117C-C202336264DD}.Debug|Any CPU.Build.0 = Debug|Any CPU
		{68C977D0-D599-323E-117C-C202336264DD}.Debug|x64.ActiveCfg = Debug|Any CPU
		{68C977D0-D599-323E-117C-C202336264DD}.Debug|x64.Build.0 = Debug|Any CPU
		{68C977D0-D599-323E-117C-C202336264DD}.Debug|x86.ActiveCfg = Debug|Any CPU
		{68C977D0-D599-323E-117C-C202336264DD}.Debug|x86.Build.0 = Debug|Any CPU
		{68C977D0-D599-323E-117C-C202336264DD}.Release|Any CPU.ActiveCfg = Release|Any CPU
		{68C977D0-D599-323E-117C-C202336264DD}.Release|Any CPU.Build.0 = Release|Any CPU
		{68C977D0-D599-323E-117C-C202336264DD}.Release|x64.ActiveCfg = Release|Any CPU
		{68C977D0-D599-323E-117C-C202336264DD}.Release|x64.Build.0 = Release|Any CPU
		{68C977D0-D599-323E-117C-C202336264DD}.Release|x86.ActiveCfg = Release|Any CPU
		{68C977D0-D599-323E-117C-C202336264DD}.Release|x86.Build.0 = Release|Any CPU
		{508D678A-74F5-AE76-06F7-A7BF89B4F05E}.Debug|Any CPU.ActiveCfg = Debug|Any CPU
		{508D678A-74F5-AE76-06F7-A7BF89B4F05E}.Debug|Any CPU.Build.0 = Debug|Any CPU
		{508D678A-74F5-AE76-06F7-A7BF89B4F05E}.Debug|x64.ActiveCfg = Debug|Any CPU
		{508D678A-74F5-AE76-06F7-A7BF89B4F05E}.Debug|x64.Build.0 = Debug|Any CPU
		{508D678A-74F5-AE76-06F7-A7BF89B4F05E}.Debug|x86.ActiveCfg = Debug|Any CPU
		{508D678A-74F5-AE76-06F7-A7BF89B4F05E}.Debug|x86.Build.0 = Debug|Any CPU
		{508D678A-74F5-AE76-06F7-A7BF89B4F05E}.Release|Any CPU.ActiveCfg = Release|Any CPU
		{508D678A-74F5-AE76-06F7-A7BF89B4F05E}.Release|Any CPU.Build.0 = Release|Any CPU
		{508D678A-74F5-AE76-06F7-A7BF89B4F05E}.Release|x64.ActiveCfg = Release|Any CPU
		{508D678A-74F5-AE76-06F7-A7BF89B4F05E}.Release|x64.Build.0 = Release|Any CPU
		{508D678A-74F5-AE76-06F7-A7BF89B4F05E}.Release|x86.ActiveCfg = Release|Any CPU
		{508D678A-74F5-AE76-06F7-A7BF89B4F05E}.Release|x86.Build.0 = Release|Any CPU
		{2A9BBF66-ADA5-C94E-2ED1-5E43885A2396}.Debug|Any CPU.ActiveCfg = Debug|Any CPU
		{2A9BBF66-ADA5-C94E-2ED1-5E43885A2396}.Debug|Any CPU.Build.0 = Debug|Any CPU
		{2A9BBF66-ADA5-C94E-2ED1-5E43885A2396}.Debug|x64.ActiveCfg = Debug|Any CPU
		{2A9BBF66-ADA5-C94E-2ED1-5E43885A2396}.Debug|x64.Build.0 = Debug|Any CPU
		{2A9BBF66-ADA5-C94E-2ED1-5E43885A2396}.Debug|x86.ActiveCfg = Debug|Any CPU
		{2A9BBF66-ADA5-C94E-2ED1-5E43885A2396}.Debug|x86.Build.0 = Debug|Any CPU
		{2A9BBF66-ADA5-C94E-2ED1-5E43885A2396}.Release|Any CPU.ActiveCfg = Release|Any CPU
		{2A9BBF66-ADA5-C94E-2ED1-5E43885A2396}.Release|Any CPU.Build.0 = Release|Any CPU
		{2A9BBF66-ADA5-C94E-2ED1-5E43885A2396}.Release|x64.ActiveCfg = Release|Any CPU
		{2A9BBF66-ADA5-C94E-2ED1-5E43885A2396}.Release|x64.Build.0 = Release|Any CPU
		{2A9BBF66-ADA5-C94E-2ED1-5E43885A2396}.Release|x86.ActiveCfg = Release|Any CPU
		{2A9BBF66-ADA5-C94E-2ED1-5E43885A2396}.Release|x86.Build.0 = Release|Any CPU
		{2691393D-0065-D63D-87FE-3AE12738F2EE}.Debug|Any CPU.ActiveCfg = Debug|Any CPU
		{2691393D-0065-D63D-87FE-3AE12738F2EE}.Debug|Any CPU.Build.0 = Debug|Any CPU
		{2691393D-0065-D63D-87FE-3AE12738F2EE}.Debug|x64.ActiveCfg = Debug|Any CPU
		{2691393D-0065-D63D-87FE-3AE12738F2EE}.Debug|x64.Build.0 = Debug|Any CPU
		{2691393D-0065-D63D-87FE-3AE12738F2EE}.Debug|x86.ActiveCfg = Debug|Any CPU
		{2691393D-0065-D63D-87FE-3AE12738F2EE}.Debug|x86.Build.0 = Debug|Any CPU
		{2691393D-0065-D63D-87FE-3AE12738F2EE}.Release|Any CPU.ActiveCfg = Release|Any CPU
		{2691393D-0065-D63D-87FE-3AE12738F2EE}.Release|Any CPU.Build.0 = Release|Any CPU
		{2691393D-0065-D63D-87FE-3AE12738F2EE}.Release|x64.ActiveCfg = Release|Any CPU
		{2691393D-0065-D63D-87FE-3AE12738F2EE}.Release|x64.Build.0 = Release|Any CPU
		{2691393D-0065-D63D-87FE-3AE12738F2EE}.Release|x86.ActiveCfg = Release|Any CPU
		{2691393D-0065-D63D-87FE-3AE12738F2EE}.Release|x86.Build.0 = Release|Any CPU
		{AC8DB61C-FA35-96BE-8414-27E4A0E3CB43}.Debug|Any CPU.ActiveCfg = Debug|Any CPU
		{AC8DB61C-FA35-96BE-8414-27E4A0E3CB43}.Debug|Any CPU.Build.0 = Debug|Any CPU
		{AC8DB61C-FA35-96BE-8414-27E4A0E3CB43}.Debug|x64.ActiveCfg = Debug|Any CPU
		{AC8DB61C-FA35-96BE-8414-27E4A0E3CB43}.Debug|x64.Build.0 = Debug|Any CPU
		{AC8DB61C-FA35-96BE-8414-27E4A0E3CB43}.Debug|x86.ActiveCfg = Debug|Any CPU
		{AC8DB61C-FA35-96BE-8414-27E4A0E3CB43}.Debug|x86.Build.0 = Debug|Any CPU
		{AC8DB61C-FA35-96BE-8414-27E4A0E3CB43}.Release|Any CPU.ActiveCfg = Release|Any CPU
		{AC8DB61C-FA35-96BE-8414-27E4A0E3CB43}.Release|Any CPU.Build.0 = Release|Any CPU
		{AC8DB61C-FA35-96BE-8414-27E4A0E3CB43}.Release|x64.ActiveCfg = Release|Any CPU
		{AC8DB61C-FA35-96BE-8414-27E4A0E3CB43}.Release|x64.Build.0 = Release|Any CPU
		{AC8DB61C-FA35-96BE-8414-27E4A0E3CB43}.Release|x86.ActiveCfg = Release|Any CPU
		{AC8DB61C-FA35-96BE-8414-27E4A0E3CB43}.Release|x86.Build.0 = Release|Any CPU
		{3347A8D4-8020-4D88-BECC-2E70BF858464}.Debug|Any CPU.ActiveCfg = Debug|Any CPU
		{3347A8D4-8020-4D88-BECC-2E70BF858464}.Debug|Any CPU.Build.0 = Debug|Any CPU
		{3347A8D4-8020-4D88-BECC-2E70BF858464}.Debug|x64.ActiveCfg = Debug|Any CPU
		{3347A8D4-8020-4D88-BECC-2E70BF858464}.Debug|x64.Build.0 = Debug|Any CPU
		{3347A8D4-8020-4D88-BECC-2E70BF858464}.Debug|x86.ActiveCfg = Debug|Any CPU
		{3347A8D4-8020-4D88-BECC-2E70BF858464}.Debug|x86.Build.0 = Debug|Any CPU
		{3347A8D4-8020-4D88-BECC-2E70BF858464}.Release|Any CPU.ActiveCfg = Release|Any CPU
		{3347A8D4-8020-4D88-BECC-2E70BF858464}.Release|Any CPU.Build.0 = Release|Any CPU
		{3347A8D4-8020-4D88-BECC-2E70BF858464}.Release|x64.ActiveCfg = Release|Any CPU
		{3347A8D4-8020-4D88-BECC-2E70BF858464}.Release|x64.Build.0 = Release|Any CPU
		{3347A8D4-8020-4D88-BECC-2E70BF858464}.Release|x86.ActiveCfg = Release|Any CPU
		{3347A8D4-8020-4D88-BECC-2E70BF858464}.Release|x86.Build.0 = Release|Any CPU
		{E45F1A44-AF36-4B6F-A49D-D0D4822320EC}.Debug|Any CPU.ActiveCfg = Debug|Any CPU
		{E45F1A44-AF36-4B6F-A49D-D0D4822320EC}.Debug|Any CPU.Build.0 = Debug|Any CPU
		{E45F1A44-AF36-4B6F-A49D-D0D4822320EC}.Debug|x64.ActiveCfg = Debug|Any CPU
		{E45F1A44-AF36-4B6F-A49D-D0D4822320EC}.Debug|x64.Build.0 = Debug|Any CPU
		{E45F1A44-AF36-4B6F-A49D-D0D4822320EC}.Debug|x86.ActiveCfg = Debug|Any CPU
		{E45F1A44-AF36-4B6F-A49D-D0D4822320EC}.Debug|x86.Build.0 = Debug|Any CPU
		{E45F1A44-AF36-4B6F-A49D-D0D4822320EC}.Release|Any CPU.ActiveCfg = Release|Any CPU
		{E45F1A44-AF36-4B6F-A49D-D0D4822320EC}.Release|Any CPU.Build.0 = Release|Any CPU
		{E45F1A44-AF36-4B6F-A49D-D0D4822320EC}.Release|x64.ActiveCfg = Release|Any CPU
		{E45F1A44-AF36-4B6F-A49D-D0D4822320EC}.Release|x64.Build.0 = Release|Any CPU
		{E45F1A44-AF36-4B6F-A49D-D0D4822320EC}.Release|x86.ActiveCfg = Release|Any CPU
		{E45F1A44-AF36-4B6F-A49D-D0D4822320EC}.Release|x86.Build.0 = Release|Any CPU
		{BD6F665A-43AD-4C37-9D96-E9C4A1441901}.Debug|Any CPU.ActiveCfg = Debug|Any CPU
		{BD6F665A-43AD-4C37-9D96-E9C4A1441901}.Debug|Any CPU.Build.0 = Debug|Any CPU
		{BD6F665A-43AD-4C37-9D96-E9C4A1441901}.Debug|x64.ActiveCfg = Debug|Any CPU
		{BD6F665A-43AD-4C37-9D96-E9C4A1441901}.Debug|x64.Build.0 = Debug|Any CPU
		{BD6F665A-43AD-4C37-9D96-E9C4A1441901}.Debug|x86.ActiveCfg = Debug|Any CPU
		{BD6F665A-43AD-4C37-9D96-E9C4A1441901}.Debug|x86.Build.0 = Debug|Any CPU
		{BD6F665A-43AD-4C37-9D96-E9C4A1441901}.Release|Any CPU.ActiveCfg = Release|Any CPU
		{BD6F665A-43AD-4C37-9D96-E9C4A1441901}.Release|Any CPU.Build.0 = Release|Any CPU
		{BD6F665A-43AD-4C37-9D96-E9C4A1441901}.Release|x64.ActiveCfg = Release|Any CPU
		{BD6F665A-43AD-4C37-9D96-E9C4A1441901}.Release|x64.Build.0 = Release|Any CPU
		{BD6F665A-43AD-4C37-9D96-E9C4A1441901}.Release|x86.ActiveCfg = Release|Any CPU
		{BD6F665A-43AD-4C37-9D96-E9C4A1441901}.Release|x86.Build.0 = Release|Any CPU
		{7B66D14B-A263-4926-9D2E-7ECE1FDBCAE5}.Debug|Any CPU.ActiveCfg = Debug|Any CPU
		{7B66D14B-A263-4926-9D2E-7ECE1FDBCAE5}.Debug|Any CPU.Build.0 = Debug|Any CPU
		{7B66D14B-A263-4926-9D2E-7ECE1FDBCAE5}.Debug|x64.ActiveCfg = Debug|Any CPU
		{7B66D14B-A263-4926-9D2E-7ECE1FDBCAE5}.Debug|x64.Build.0 = Debug|Any CPU
		{7B66D14B-A263-4926-9D2E-7ECE1FDBCAE5}.Debug|x86.ActiveCfg = Debug|Any CPU
		{7B66D14B-A263-4926-9D2E-7ECE1FDBCAE5}.Debug|x86.Build.0 = Debug|Any CPU
		{7B66D14B-A263-4926-9D2E-7ECE1FDBCAE5}.Release|Any CPU.ActiveCfg = Release|Any CPU
		{7B66D14B-A263-4926-9D2E-7ECE1FDBCAE5}.Release|Any CPU.Build.0 = Release|Any CPU
		{7B66D14B-A263-4926-9D2E-7ECE1FDBCAE5}.Release|x64.ActiveCfg = Release|Any CPU
		{7B66D14B-A263-4926-9D2E-7ECE1FDBCAE5}.Release|x64.Build.0 = Release|Any CPU
		{7B66D14B-A263-4926-9D2E-7ECE1FDBCAE5}.Release|x86.ActiveCfg = Release|Any CPU
		{7B66D14B-A263-4926-9D2E-7ECE1FDBCAE5}.Release|x86.Build.0 = Release|Any CPU
		{C8665682-AFBF-4BF7-8B25-2E882B950D59}.Debug|Any CPU.ActiveCfg = Debug|Any CPU
		{C8665682-AFBF-4BF7-8B25-2E882B950D59}.Debug|Any CPU.Build.0 = Debug|Any CPU
		{C8665682-AFBF-4BF7-8B25-2E882B950D59}.Debug|x64.ActiveCfg = Debug|Any CPU
		{C8665682-AFBF-4BF7-8B25-2E882B950D59}.Debug|x64.Build.0 = Debug|Any CPU
		{C8665682-AFBF-4BF7-8B25-2E882B950D59}.Debug|x86.ActiveCfg = Debug|Any CPU
		{C8665682-AFBF-4BF7-8B25-2E882B950D59}.Debug|x86.Build.0 = Debug|Any CPU
		{C8665682-AFBF-4BF7-8B25-2E882B950D59}.Release|Any CPU.ActiveCfg = Release|Any CPU
		{C8665682-AFBF-4BF7-8B25-2E882B950D59}.Release|Any CPU.Build.0 = Release|Any CPU
		{C8665682-AFBF-4BF7-8B25-2E882B950D59}.Release|x64.ActiveCfg = Release|Any CPU
		{C8665682-AFBF-4BF7-8B25-2E882B950D59}.Release|x64.Build.0 = Release|Any CPU
		{C8665682-AFBF-4BF7-8B25-2E882B950D59}.Release|x86.ActiveCfg = Release|Any CPU
		{C8665682-AFBF-4BF7-8B25-2E882B950D59}.Release|x86.Build.0 = Release|Any CPU
		{7C4A9E31-5B62-4D18-9F0C-3A6E8D1B2F44}.Debug|Any CPU.ActiveCfg = Debug|Any CPU
		{7C4A9E31-5B62-4D18-9F0C-3A6E8D1B2F44}.Debug|Any CPU.Build.0 = Debug|Any CPU
		{7C4A9E31-5B62-4D18-9F0C-3A6E8D1B2F44}.Debug|x64.ActiveCfg = Debug|Any CPU
		{7C4A9E31-5B62-4D18-9F0C-3A6E8D1B2F44}.Debug|x64.Build.0 = Debug|Any CPU
		{7C4A9E31-5B62-4D18-9F0C-3A6E8D1B2F44}.Debug|x86.ActiveCfg = Debug|Any CPU
		{7C4A9E31-5B62-4D18-9F0C-3A6E8D1B2F44}.Debug|x86.Build.0 = Debug|Any CPU
		{7C4A9E31-5B62-4D18-9F0C-3A6E8D1B2F44}.Release|Any CPU.ActiveCfg = Release|Any CPU
		{7C4A9E31-5B62-4D18-9F0C-3A6E8D1B2F44}.Release|Any CPU.Build.0 = Release|Any CPU
		{7C4A9E31-5B62-4D18-9F0C-3A6E8D1B2F44}.Release|x64.ActiveCfg = Release|Any CPU
		{7C4A9E31-5B62-4D18-9F0C-3A6E8D1B2F44}.Release|x64.Build.0 = Release|Any CPU
		{7C4A9E31-5B62-4D18-9F0C-3A6E8D1B2F44}.Release|x86.ActiveCfg = Release|Any CPU
		{7C4A9E31-5B62-4D18-9F0C-3A6E8D1B2F44}.Release|x86.Build.0 = Release|Any CPU
		{A1C92B68-2B30-4D5D-8C4A-77D6AE7F10C2}.Debug|Any CPU.ActiveCfg = Debug|Any CPU
		{A1C92B68-2B30-4D5D-8C4A-77D6AE7F10C2}.Debug|Any CPU.Build.0 = Debug|Any CPU
		{A1C92B68-2B30-4D5D-8C4A-77D6AE7F10C2}.Debug|x64.ActiveCfg = Debug|Any CPU
		{A1C92B68-2B30-4D5D-8C4A-77D6AE7F10C2}.Debug|x64.Build.0 = Debug|Any CPU
		{A1C92B68-2B30-4D5D-8C4A-77D6AE7F10C2}.Debug|x86.ActiveCfg = Debug|Any CPU
		{A1C92B68-2B30-4D5D-8C4A-77D6AE7F10C2}.Debug|x86.Build.0 = Debug|Any CPU
		{A1C92B68-2B30-4D5D-8C4A-77D6AE7F10C2}.Release|Any CPU.ActiveCfg = Release|Any CPU
		{A1C92B68-2B30-4D5D-8C4A-77D6AE7F10C2}.Release|Any CPU.Build.0 = Release|Any CPU
		{A1C92B68-2B30-4D5D-8C4A-77D6AE7F10C2}.Release|x64.ActiveCfg = Release|Any CPU
		{A1C92B68-2B30-4D5D-8C4A-77D6AE7F10C2}.Release|x64.Build.0 = Release|Any CPU
		{A1C92B68-2B30-4D5D-8C4A-77D6AE7F10C2}.Release|x86.ActiveCfg = Release|Any CPU
		{A1C92B68-2B30-4D5D-8C4A-77D6AE7F10C2}.Release|x86.Build.0 = Release|Any CPU
		{B8E4F2A1-9C3D-4E5F-A6B7-1D2E3F4A5B6C}.Debug|Any CPU.ActiveCfg = Debug|Any CPU
		{B8E4F2A1-9C3D-4E5F-A6B7-1D2E3F4A5B6C}.Debug|Any CPU.Build.0 = Debug|Any CPU
		{B8E4F2A1-9C3D-4E5F-A6B7-1D2E3F4A5B6C}.Debug|x64.ActiveCfg = Debug|Any CPU
		{B8E4F2A1-9C3D-4E5F-A6B7-1D2E3F4A5B6C}.Debug|x64.Build.0 = Debug|Any CPU
		{B8E4F2A1-9C3D-4E5F-A6B7-1D2E3F4A5B6C}.Debug|x86.ActiveCfg = Debug|Any CPU
		{B8E4F2A1-9C3D-4E5F-A6B7-1D2E3F4A5B6C}.Debug|x86.Build.0 = Debug|Any CPU
		{B8E4F2A1-9C3D-4E5F-A6B7-1D2E3F4A5B6C}.Release|Any CPU.ActiveCfg = Release|Any CPU
		{B8E4F2A1-9C3D-4E5F-A6B7-1D2E3F4A5B6C}.Release|Any CPU.Build.0 = Release|Any CPU
		{B8E4F2A1-9C3D-4E5F-A6B7-1D2E3F4A5B6C}.Release|x64.ActiveCfg = Release|Any CPU
		{B8E4F2A1-9C3D-4E5F-A6B7-1D2E3F4A5B6C}.Release|x64.Build.0 = Release|Any CPU
		{B8E4F2A1-9C3D-4E5F-A6B7-1D2E3F4A5B6C}.Release|x86.ActiveCfg = Release|Any CPU
		{B8E4F2A1-9C3D-4E5F-A6B7-1D2E3F4A5B6C}.Release|x86.Build.0 = Release|Any CPU
	EndGlobalSection
	GlobalSection(SolutionProperties) = preSolution
		HideSolutionNode = FALSE
	EndGlobalSection
	GlobalSection(NestedProjects) = preSolution
		{3EA7EF9A-C051-FBA3-558A-A9AA2A9B84FE} = {02EA681E-C7D8-13C7-8484-4AC65E1B71E8}
		{9695E48F-210F-C4F9-320A-970583B43E15} = {02EA681E-C7D8-13C7-8484-4AC65E1B71E8}
		{9D269A7C-AFBA-ED08-68F6-E746C04F950C} = {02EA681E-C7D8-13C7-8484-4AC65E1B71E8}
		{77531231-8A0D-84C2-3139-1CAEF3A4966F} = {02EA681E-C7D8-13C7-8484-4AC65E1B71E8}
		{6C9D6989-C086-6FE1-6761-98454E7A2FC4} = {02EA681E-C7D8-13C7-8484-4AC65E1B71E8}
		{0C60DF74-CE18-BD03-12E6-A29577A18A7B} = {DF08E0E9-715D-4D6F-B659-28518B4DF41A}
		{68C977D0-D599-323E-117C-C202336264DD} = {DF08E0E9-715D-4D6F-B659-28518B4DF41A}
		{508D678A-74F5-AE76-06F7-A7BF89B4F05E} = {DF08E0E9-715D-4D6F-B659-28518B4DF41A}
		{2A9BBF66-ADA5-C94E-2ED1-5E43885A2396} = {DF08E0E9-715D-4D6F-B659-28518B4DF41A}
		{2691393D-0065-D63D-87FE-3AE12738F2EE} = {DF08E0E9-715D-4D6F-B659-28518B4DF41A}
		{AC8DB61C-FA35-96BE-8414-27E4A0E3CB43} = {DF08E0E9-715D-4D6F-B659-28518B4DF41A}
		{3347A8D4-8020-4D88-BECC-2E70BF858464} = {02EA681E-C7D8-13C7-8484-4AC65E1B71E8}
		{E45F1A44-AF36-4B6F-A49D-D0D4822320EC} = {02EA681E-C7D8-13C7-8484-4AC65E1B71E8}
		{BD6F665A-43AD-4C37-9D96-E9C4A1441901} = {02EA681E-C7D8-13C7-8484-4AC65E1B71E8}
		{7B66D14B-A263-4926-9D2E-7ECE1FDBCAE5} = {DF08E0E9-715D-4D6F-B659-28518B4DF41A}
		{C8665682-AFBF-4BF7-8B25-2E882B950D59} = {DF08E0E9-715D-4D6F-B659-28518B4DF41A}
		{7C4A9E31-5B62-4D18-9F0C-3A6E8D1B2F44} = {02EA681E-C7D8-13C7-8484-4AC65E1B71E8}
		{B8E4F2A1-9C3D-4E5F-A6B7-1D2E3F4A5B6C} = {02EA681E-C7D8-13C7-8484-4AC65E1B71E8}
EndGlobalSection
	GlobalSection(ExtensibilityGlobals) = postSolution
		SolutionGuid = {47A07F60-E6F3-47D3-B2A7-E1AC9758B870}
	EndGlobalSection
EndGlobal
